dependencies:
- name: kube-prometheus-stack
  repository: https://prometheus-community.github.io/helm-charts
  version: 57.0.1
- name: sonarr
  repository: https://charts.truecharts.org
  version: 21.2.1
- name: radarr
  repository: https://charts.truecharts.org
  version: 21.2.1
- name: prowlarr
  repository: https://charts.truecharts.org
  version: 16.2.1
- name: qbittorrent
  repository: https://charts.truecharts.org
  version: 19.4.1
- name: jellyseerr
  repository: https://charts.truecharts.org
  version: 9.4.1
- name: jellyfin
  repository: https://charts.truecharts.org
  version: 18.4.2
- name: flaresolverr
  repository: https://charts.truecharts.org
  version: 13.4.1
digest: sha256:5d715ff73919dcd7e709583e2f112401996c235b75e089132b73830e5d238ad2
generated: "2024-03-11T13:48:50.3595523+01:00"
